// !$*UTF8*$!
{
	archiveVersion = 1;
	classes = {
	};
	objectVersion = 46;
	objects = {

/* Begin PBXBuildFile section */
		AA91E1421E5599B4006A6176 /* main.m in Sources */ = {isa = PBXBuildFile; fileRef = AA91E1411E5599B4006A6176 /* main.m */; };
		AA91E1451E5599B4006A6176 /* AppDelegate.m in Sources */ = {isa = PBXBuildFile; fileRef = AA91E1441E5599B4006A6176 /* AppDelegate.m */; };
		AA91E1481E5599B4006A6176 /* ViewController.m in Sources */ = {isa = PBXBuildFile; fileRef = AA91E1471E5599B4006A6176 /* ViewController.m */; };
		AA91E14B1E5599B4006A6176 /* Main.storyboard in Resources */ = {isa = PBXBuildFile; fileRef = AA91E1491E5599B4006A6176 /* Main.storyboard */; };
		AA91E14D1E5599B4006A6176 /* Assets.xcassets in Resources */ = {isa = PBXBuildFile; fileRef = AA91E14C1E5599B4006A6176 /* Assets.xcassets */; };
		AA91E1501E5599B4006A6176 /* LaunchScreen.storyboard in Resources */ = {isa = PBXBuildFile; fileRef = AA91E14E1E5599B4006A6176 /* LaunchScreen.storyboard */; };
		AA91E1591E55A604006A6176 /* OpenGLES.framework in Frameworks */ = {isa = PBXBuildFile; fileRef = AA91E1581E55A604006A6176 /* OpenGLES.framework */; };
		AA91E15B1E55A60B006A6176 /* QuartzCore.framework in Frameworks */ = {isa = PBXBuildFile; fileRef = AA91E15A1E55A60B006A6176 /* QuartzCore.framework */; };
		AA91E15F1E55A7CA006A6176 /* GLESUtils.m in Sources */ = {isa = PBXBuildFile; fileRef = AA91E15E1E55A7CA006A6176 /* GLESUtils.m */; };
		AA91E1621E55A7D4006A6176 /* OpenGLView.m in Sources */ = {isa = PBXBuildFile; fileRef = AA91E1611E55A7D4006A6176 /* OpenGLView.m */; };
		AA91E1651E55AAF0006A6176 /* FragmentShader.glsl in Resources */ = {isa = PBXBuildFile; fileRef = AA91E1631E55A7E2006A6176 /* FragmentShader.glsl */; };
		AA91E1661E55AAF3006A6176 /* VertexShader.glsl in Resources */ = {isa = PBXBuildFile; fileRef = AA91E1641E55A7ED006A6176 /* VertexShader.glsl */; };
/* End PBXBuildFile section */

/* Begin PBXFileReference section */
		AA91E13D1E5599B4006A6176 /* iOpenGLTransform.app */ = {isa = PBXFileReference; explicitFileType = wrapper.application; includeInIndex = 0; path = iOpenGLTransform.app; sourceTree = BUILT_PRODUCTS_DIR; };
		AA91E1411E5599B4006A6176 /* main.m */ = {isa = PBXFileReference; lastKnownFileType = sourcecode.c.objc; path = main.m; sourceTree = "<group>"; };
		AA91E1431E5599B4006A6176 /* AppDelegate.h */ = {isa = PBXFileReference; lastKnownFileType = sourcecode.c.h; path = AppDelegate.h; sourceTree = "<group>"; };
		AA91E1441E5599B4006A6176 /* AppDelegate.m */ = {isa = PBXFileReference; lastKnownFileType = sourcecode.c.objc; path = AppDelegate.m; sourceTree = "<group>"; };
		AA91E1461E5599B4006A6176 /* ViewController.h */ = {isa = PBXFileReference; lastKnownFileType = sourcecode.c.h; path = ViewController.h; sourceTree = "<group>"; };
		AA91E1471E5599B4006A6176 /* ViewController.m */ = {isa = PBXFileReference; lastKnownFileType = sourcecode.c.objc; path = ViewController.m; sourceTree = "<group>"; };
		AA91E14A1E5599B4006A6176 /* Base */ = {isa = PBXFileReference; lastKnownFileType = file.storyboard; name = Base; path = Base.lproj/Main.storyboard; sourceTree = "<group>"; };
		AA91E14C1E5599B4006A6176 /* Assets.xcassets */ = {isa = PBXFileReference; lastKnownFileType = folder.assetcatalog; path = Assets.xcassets; sourceTree = "<group>"; };
		AA91E14F1E5599B4006A6176 /* Base */ = {isa = PBXFileReference; lastKnownFileType = file.storyboard; name = Base; path = Base.lproj/LaunchScreen.storyboard; sourceTree = "<group>"; };
		AA91E1511E5599B4006A6176 /* Info.plist */ = {isa = PBXFileReference; lastKnownFileType = text.plist.xml; path = Info.plist; sourceTree = "<group>"; };
		AA91E1581E55A604006A6176 /* OpenGLES.framework */ = {isa = PBXFileReference; lastKnownFileType = wrapper.framework; name = OpenGLES.framework; path = System/Library/Frameworks/OpenGLES.framework; sourceTree = SDKROOT; };
		AA91E15A1E55A60B006A6176 /* QuartzCore.framework */ = {isa = PBXFileReference; lastKnownFileType = wrapper.framework; name = QuartzCore.framework; path = System/Library/Frameworks/QuartzCore.framework; sourceTree = SDKROOT; };
		AA91E15D1E55A7CA006A6176 /* GLESUtils.h */ = {isa = PBXFileReference; fileEncoding = 4; lastKnownFileType = sourcecode.c.h; path = GLESUtils.h; sourceTree = "<group>"; };
		AA91E15E1E55A7CA006A6176 /* GLESUtils.m */ = {isa = PBXFileReference; fileEncoding = 4; lastKnownFileType = sourcecode.c.objc; path = GLESUtils.m; sourceTree = "<group>"; };
		AA91E1601E55A7D4006A6176 /* OpenGLView.h */ = {isa = PBXFileReference; fileEncoding = 4; lastKnownFileType = sourcecode.c.h; path = OpenGLView.h; sourceTree = "<group>"; };
		AA91E1611E55A7D4006A6176 /* OpenGLView.m */ = {isa = PBXFileReference; fileEncoding = 4; lastKnownFileType = sourcecode.c.objc; path = OpenGLView.m; sourceTree = "<group>"; };
		AA91E1631E55A7E2006A6176 /* FragmentShader.glsl */ = {isa = PBXFileReference; lastKnownFileType = text; path = FragmentShader.glsl; sourceTree = "<group>"; };
		AA91E1641E55A7ED006A6176 /* VertexShader.glsl */ = {isa = PBXFileReference; lastKnownFileType = text; path = VertexShader.glsl; sourceTree = "<group>"; };
/* End PBXFileReference section */

/* Begin PBXFrameworksBuildPhase section */
		AA91E13A1E5599B4006A6176 /* Frameworks */ = {
			isa = PBXFrameworksBuildPhase;
			buildActionMask = 2147483647;
			files = (
				AA91E15B1E55A60B006A6176 /* QuartzCore.framework in Frameworks */,
				AA91E1591E55A604006A6176 /* OpenGLES.framework in Frameworks */,
			);
			runOnlyForDeploymentPostprocessing = 0;
		};
/* End PBXFrameworksBuildPhase section */

/* Begin PBXGroup section */
		AA91E1341E5599B4006A6176 = {
			isa = PBXGroup;
			children = (
				AA91E13F1E5599B4006A6176 /* iOpenGLTransform */,
				AA91E13E1E5599B4006A6176 /* Products */,
				AA91E1571E55A604006A6176 /* Frameworks */,
			);
			sourceTree = "<group>";
		};
		AA91E13E1E5599B4006A6176 /* Products */ = {
			isa = PBXGroup;
			children = (
				AA91E13D1E5599B4006A6176 /* iOpenGLTransform.app */,
			);
			name = Products;
			sourceTree = "<group>";
		};
		AA91E13F1E5599B4006A6176 /* iOpenGLTransform */ = {
			isa = PBXGroup;
			children = (
				AA91E15C1E55A7A9006A6176 /* OpenGLClass */,
				AA91E1431E5599B4006A6176 /* AppDelegate.h */,
				AA91E1441E5599B4006A6176 /* AppDelegate.m */,
				AA91E1461E5599B4006A6176 /* ViewController.h */,
				AA91E1471E5599B4006A6176 /* ViewController.m */,
				AA91E1491E5599B4006A6176 /* Main.storyboard */,
				AA91E14C1E5599B4006A6176 /* Assets.xcassets */,
				AA91E14E1E5599B4006A6176 /* LaunchScreen.storyboard */,
				AA91E1511E5599B4006A6176 /* Info.plist */,
				AA91E1401E5599B4006A6176 /* Supporting Files */,
			);
			path = iOpenGLTransform;
			sourceTree = "<group>";
		};
		AA91E1401E5599B4006A6176 /* Supporting Files */ = {
			isa = PBXGroup;
			children = (
				AA91E1411E5599B4006A6176 /* main.m */,
				AA91E1631E55A7E2006A6176 /* FragmentShader.glsl */,
				AA91E1641E55A7ED006A6176 /* VertexShader.glsl */,
			);
			name = "Supporting Files";
			sourceTree = "<group>";
		};
		AA91E1571E55A604006A6176 /* Frameworks */ = {
			isa = PBXGroup;
			children = (
				AA91E15A1E55A60B006A6176 /* QuartzCore.framework */,
				AA91E1581E55A604006A6176 /* OpenGLES.framework */,
			);
			name = Frameworks;
			sourceTree = "<group>";
		};
		AA91E15C1E55A7A9006A6176 /* OpenGLClass */ = {
			isa = PBXGroup;
			children = (
				AA91E15D1E55A7CA006A6176 /* GLESUtils.h */,
				AA91E15E1E55A7CA006A6176 /* GLESUtils.m */,
				AA91E1601E55A7D4006A6176 /* OpenGLView.h */,
				AA91E1611E55A7D4006A6176 /* OpenGLView.m */,
			);
			path = OpenGLClass;
			sourceTree = "<group>";
		};
/* End PBXGroup section */

/* Begin PBXNativeTarget section */
		AA91E13C1E5599B4006A6176 /* iOpenGLTransform */ = {
			isa = PBXNativeTarget;
			buildConfigurationList = AA91E1541E5599B4006A6176 /* Build configuration list for PBXNativeTarget "iOpenGLTransform" */;
			buildPhases = (
				AA91E1391E5599B4006A6176 /* Sources */,
				AA91E13A1E5599B4006A6176 /* Frameworks */,
				AA91E13B1E5599B4006A6176 /* Resources */,
			);
			buildRules = (
			);
			dependencies = (
			);
			name = iOpenGLTransform;
			productName = iOpenGLTransform;
			productReference = AA91E13D1E5599B4006A6176 /* iOpenGLTransform.app */;
			productType = "com.apple.product-type.application";
		};
/* End PBXNativeTarget section */

/* Begin PBXProject section */
		AA91E1351E5599B4006A6176 /* Project object */ = {
			isa = PBXProject;
			attributes = {
				LastUpgradeCheck = 0820;
				ORGANIZATIONNAME = com.bjdv;
				TargetAttributes = {
					AA91E13C1E5599B4006A6176 = {
						CreatedOnToolsVersion = 8.2.1;
						ProvisioningStyle = Automatic;
					};
				};
			};
			buildConfigurationList = AA91E1381E5599B4006A6176 /* Build configuration list for PBXProject "iOpenGLTransform" */;
			compatibilityVersion = "Xcode 3.2";
			developmentRegion = English;
			hasScannedForEncodings = 0;
			knownRegions = (
				en,
				Base,
			);
			mainGroup = AA91E1341E5599B4006A6176;
			productRefGroup = AA91E13E1E5599B4006A6176 /* Products */;
			projectDirPath = "";
			projectRoot = "";
			targets = (
				AA91E13C1E5599B4006A6176 /* iOpenGLTransform */,
			);
		};
/* End PBXProject section */

/* Begin PBXResourcesBuildPhase section */
		AA91E13B1E5599B4006A6176 /* Resources */ = {
			isa = PBXResourcesBuildPhase;
			buildActionMask = 2147483647;
			files = (
				AA91E1661E55AAF3006A6176 /* VertexShader.glsl in Resources */,
				AA91E1651E55AAF0006A6176 /* FragmentShader.glsl in Resources */,
				AA91E1501E5599B4006A6176 /* LaunchScreen.storyboard in Resources */,
				AA91E14D1E5599B4006A6176 /* Assets.xcassets in Resources */,
				AA91E14B1E5599B4006A6176 /* Main.storyboard in Resources */,
			);
			runOnlyForDeploymentPostprocessing = 0;
		};
/* End PBXResourcesBuildPhase section */

/* Begin PBXSourcesBuildPhase section */
		AA91E1391E5599B4006A6176 /* Sources */ = {
			isa = PBXSourcesBuildPhase;
			buildActionMask = 2147483647;
			files = (
				AA91E1481E5599B4006A6176 /* ViewController.m in Sources */,
				AA91E1451E5599B4006A6176 /* AppDelegate.m in Sources */,
				AA91E15F1E55A7CA006A6176 /* GLESUtils.m in Sources */,
				AA91E1421E5599B4006A6176 /* main.m in Sources */,
				AA91E1621E55A7D4006A6176 /* OpenGLView.m in Sources */,
			);
			runOnlyForDeploymentPostprocessing = 0;
		};
/* End PBXSourcesBuildPhase section */

/* Begin PBXVariantGroup section */
		AA91E1491E5599B4006A6176 /* Main.storyboard */ = {
			isa = PBXVariantGroup;
			children = (
				AA91E14A1E5599B4006A6176 /* Base */,
			);
			name = Main.storyboard;
			sourceTree = "<group>";
		};
		AA91E14E1E5599B4006A6176 /* LaunchScreen.storyboard */ = {
			isa = PBXVariantGroup;
			children = (
				AA91E14F1E5599B4006A6176 /* Base */,
			);
			name = LaunchScreen.storyboard;
			sourceTree = "<group>";
		};
/* End PBXVariantGroup section */

/* Begin XCBuildConfiguration section */
		AA91E1521E5599B4006A6176 /* Debug */ = {
			isa = XCBuildConfiguration;
			buildSettings = {
				ALWAYS_SEARCH_USER_PATHS = NO;
				CLANG_ANALYZER_NONNULL = YES;
				CLANG_CXX_LANGUAGE_STANDARD = "gnu++0x";
				CLANG_CXX_LIBRARY = "libc++";
				CLANG_ENABLE_MODULES = YES;
				CLANG_ENABLE_OBJC_ARC = YES;
				CLANG_WARN_BOOL_CONVERSION = YES;
				CLANG_WARN_CONSTANT_CONVERSION = YES;
				CLANG_WARN_DIRECT_OBJC_ISA_USAGE = YES_ERROR;
				CLANG_WARN_DOCUMENTATION_COMMENTS = YES;
				CLANG_WARN_EMPTY_BODY = YES;
				CLANG_WARN_ENUM_CONVERSION = YES;
				CLANG_WARN_INFINITE_RECURSION = YES;
				CLANG_WARN_INT_CONVERSION = YES;
				CLANG_WARN_OBJC_ROOT_CLASS = YES_ERROR;
				CLANG_WARN_SUSPICIOUS_MOVE = YES;
				CLANG_WARN_UNREACHABLE_CODE = YES;
				CLANG_WARN__DUPLICATE_METHOD_MATCH = YES;
				"CODE_SIGN_IDENTITY[sdk=iphoneos*]" = "iPhone Developer";
				COPY_PHASE_STRIP = NO;
				DEBUG_INFORMATION_FORMAT = dwarf;
				ENABLE_STRICT_OBJC_MSGSEND = YES;
				ENABLE_TESTABILITY = YES;
				GCC_C_LANGUAGE_STANDARD = gnu99;
				GCC_DYNAMIC_NO_PIC = NO;
				GCC_NO_COMMON_BLOCKS = YES;
				GCC_OPTIMIZATION_LEVEL = 0;
				GCC_PREPROCESSOR_DEFINITIONS = (
					"DEBUG=1",
					"$(inherited)",
				);
				GCC_WARN_64_TO_32_BIT_CONVERSION = YES;
				GCC_WARN_ABOUT_RETURN_TYPE = YES_ERROR;
				GCC_WARN_UNDECLARED_SELECTOR = YES;
				GCC_WARN_UNINITIALIZED_AUTOS = YES_AGGRESSIVE;
				GCC_WARN_UNUSED_FUNCTION = YES;
				GCC_WARN_UNUSED_VARIABLE = YES;
				IPHONEOS_DEPLOYMENT_TARGET = 10.2;
				MTL_ENABLE_DEBUG_INFO = YES;
				ONLY_ACTIVE_ARCH = YES;
				SDKROOT = iphoneos;
			};
			name = Debug;
		};
		AA91E1531E5599B4006A6176 /* Release */ = {
			isa = XCBuildConfiguration;
			buildSettings = {
				ALWAYS_SEARCH_USER_PATHS = NO;
				CLANG_ANALYZER_NONNULL = YES;
				CLANG_CXX_LANGUAGE_STANDARD = "gnu++0x";
				CLANG_CXX_LIBRARY = "libc++";
				CLANG_ENABLE_MODULES = YES;
				CLANG_ENABLE_OBJC_ARC = YES;
				CLANG_WARN_BOOL_CONVERSION = YES;
				CLANG_WARN_CONSTANT_CONVERSION = YES;
				CLANG_WARN_DIRECT_OBJC_ISA_USAGE = YES_ERROR;
				CLANG_WARN_DOCUMENTATION_COMMENTS = YES;
				CLANG_WARN_EMPTY_BODY = YES;
				CLANG_WARN_ENUM_CONVERSION = YES;
				CLANG_WARN_INFINITE_RECURSION = YES;
				CLANG_WARN_INT_CONVERSION = YES;
				CLANG_WARN_OBJC_ROOT_CLASS = YES_ERROR;
				CLANG_WARN_SUSPICIOUS_MOVE = YES;
				CLANG_WARN_UNREACHABLE_CODE = YES;
				CLANG_WARN__DUPLICATE_METHOD_MATCH = YES;
				"CODE_SIGN_IDENTITY[sdk=iphoneos*]" = "iPhone Developer";
				COPY_PHASE_STRIP = NO;
				DEBUG_INFORMATION_FORMAT = "dwarf-with-dsym";
				ENABLE_NS_ASSERTIONS = NO;
				ENABLE_STRICT_OBJC_MSGSEND = YES;
				GCC_C_LANGUAGE_STANDARD = gnu99;
				GCC_NO_COMMON_BLOCKS = YES;
				GCC_WARN_64_TO_32_BIT_CONVERSION = YES;
				GCC_WARN_ABOUT_RETURN_TYPE = YES_ERROR;
				GCC_WARN_UNDECLARED_SELECTOR = YES;
				GCC_WARN_UNINITIALIZED_AUTOS = YES_AGGRESSIVE;
				GCC_WARN_UNUSED_FUNCTION = YES;
				GCC_WARN_UNUSED_VARIABLE = YES;
				IPHONEOS_DEPLOYMENT_TARGET = 10.2;
				MTL_ENABLE_DEBUG_INFO = NO;
				SDKROOT = iphoneos;
				VALIDATE_PRODUCT = YES;
			};
			name = Release;
		};
		AA91E1551E5599B4006A6176 /* Debug */ = {
			isa = XCBuildConfiguration;
			buildSettings = {
				ASSETCATALOG_COMPILER_APPICON_NAME = AppIcon;
				INFOPLIST_FILE = iOpenGLTransform/Info.plist;
				IPHONEOS_DEPLOYMENT_TARGET = 8;
				LD_RUNPATH_SEARCH_PATHS = "$(inherited) @executable_path/Frameworks";
				PRODUCT_BUNDLE_IDENTIFIER = com.bjdv.iOpenGLTransform;
				PRODUCT_NAME = "$(TARGET_NAME)";
			};
			name = Debug;
		};
		AA91E1561E5599B4006A6176 /* Release */ = {
			isa = XCBuildConfiguration;
			buildSettings = {
				ASSETCATALOG_COMPILER_APPICON_NAME = AppIcon;
				INFOPLIST_FILE = iOpenGLTransform/Info.plist;
				IPHONEOS_DEPLOYMENT_TARGET = 8;
				LD_RUNPATH_SEARCH_PATHS = "$(inherited) @executable_path/Frameworks";
				PRODUCT_BUNDLE_IDENTIFIER = com.bjdv.iOpenGLTransform;
				PRODUCT_NAME = "$(TARGET_NAME)";
			};
			name = Release;
		};
/* End XCBuildConfiguration section */

/* Begin XCConfigurationList section */
		AA91E1381E5599B4006A6176 /* Build configuration list for PBXProject "iOpenGLTransform" */ = {
			isa = XCConfigurationList;
			buildConfigurations = (
				AA91E1521E5599B4006A6176 /* Debug */,
				AA91E1531E5599B4006A6176 /* Release */,
			);
			defaultConfigurationIsVisible = 0;
			defaultConfigurationName = Release;
		};
		AA91E1541E5599B4006A6176 /* Build configuration list for PBXNativeTarget "iOpenGLTransform" */ = {
			isa = XCConfigurationList;
			buildConfigurations = (
				AA91E1551E5599B4006A6176 /* Debug */,
				AA91E1561E5599B4006A6176 /* Release */,
			);
			defaultConfigurationIsVisible = 0;
			defaultConfigurationName = Release;
		};
/* End XCConfigurationList section */
	};
	rootObject = AA91E1351E5599B4006A6176 /* Project object */;
}
